<Solution>
  <Folder Name="/SolutionItems/">
    <File Path="document_pdf.pdf" />
    <File Path="README.md" />
  </Folder>
  <Folder Name="/src/">
    <Project Path="DocIntel.Api/DocIntel.Api.csproj" />
    <Project Path="DocIntel.Application/DocIntel.Application.csproj" />
    <Project Path="DocIntel.Domain/DocIntel.Domain.csproj" />
    <Project Path="DocIntel.Infrastructure/DocIntel.Infrastructure.csproj" />
  </Folder>
</Solution>
